
Microsoft Visual Studio Solution File, Format Version 12.00
# Visual Studio Version 17
VisualStudioVersion = 17.10.35013.160
MinimumVisualStudioVersion = 10.0.40219.1
Project("{9A19103F-16F7-4668-BE54-9A1E7A4F7556}") = "AutoEntityGenerator", "AutoEntityGenerator\AutoEntityGenerator.csproj", "{4A67B562-D6D2-4D0E-9056-845433ED6724}"
EndProject
Project("{9A19103F-16F7-4668-BE54-9A1E7A4F7556}") = "AutoEntityGenerator.Vsix", "AutoEntityGenerator.Vsix\AutoEntityGenerator.Vsix.csproj", "{871661BB-3CE7-436E-86B0-A1D31E736CED}"
EndProject
Project("{9A19103F-16F7-4668-BE54-9A1E7A4F7556}") = "AutoEntityGenerator.Common", "AutoEntityGenerator.Common\AutoEntityGenerator.Common.csproj", "{305571D7-A64F-45EE-B220-BE75ABB1A639}"
EndProject
Project("{9A19103F-16F7-4668-BE54-9A1E7A4F7556}") = "AutoEntityGenerator.CodeGenerator", "AutoEntityGenerator.CodeGenerator\AutoEntityGenerator.CodeGenerator.csproj", "{1F9AE15C-EA69-4D13-855E-69C0F8B7A288}"
EndProject
Project("{FAE04EC0-301F-11D3-BF4B-00C04F79EFBC}") = "AutoEntityGenerator.UI", "AutoEntityGenerator.UI\AutoEntityGenerator.UI.csproj", "{98D8E573-F343-43A2-A534-944635C6D0EC}"
EndProject
Global
	GlobalSection(SolutionConfigurationPlatforms) = preSolution
		Debug|Any CPU = Debug|Any CPU
		Release|Any CPU = Release|Any CPU
	EndGlobalSection
	GlobalSection(ProjectConfigurationPlatforms) = postSolution
		{4A67B562-D6D2-4D0E-9056-845433ED6724}.Debug|Any CPU.ActiveCfg = Debug|Any CPU
		{4A67B562-D6D2-4D0E-9056-845433ED6724}.Debug|Any CPU.Build.0 = Debug|Any CPU
		{4A67B562-D6D2-4D0E-9056-845433ED6724}.Release|Any CPU.ActiveCfg = Release|Any CPU
		{4A67B562-D6D2-4D0E-9056-845433ED6724}.Release|Any CPU.Build.0 = Release|Any CPU
		{871661BB-3CE7-436E-86B0-A1D31E736CED}.Debug|Any CPU.ActiveCfg = Debug|Any CPU
		{871661BB-3CE7-436E-86B0-A1D31E736CED}.Debug|Any CPU.Build.0 = Debug|Any CPU
		{871661BB-3CE7-436E-86B0-A1D31E736CED}.Release|Any CPU.ActiveCfg = Release|Any CPU
		{871661BB-3CE7-436E-86B0-A1D31E736CED}.Release|Any CPU.Build.0 = Release|Any CPU
		{305571D7-A64F-45EE-B220-BE75ABB1A639}.Debug|Any CPU.ActiveCfg = Debug|Any CPU
		{305571D7-A64F-45EE-B220-BE75ABB1A639}.Debug|Any CPU.Build.0 = Debug|Any CPU
		{305571D7-A64F-45EE-B220-BE75ABB1A639}.Release|Any CPU.ActiveCfg = Release|Any CPU
		{305571D7-A64F-45EE-B220-BE75ABB1A639}.Release|Any CPU.Build.0 = Release|Any CPU
		{1F9AE15C-EA69-4D13-855E-69C0F8B7A288}.Debug|Any CPU.ActiveCfg = Debug|Any CPU
		{1F9AE15C-EA69-4D13-855E-69C0F8B7A288}.Debug|Any CPU.Build.0 = Debug|Any CPU
		{1F9AE15C-EA69-4D13-855E-69C0F8B7A288}.Release|Any CPU.ActiveCfg = Release|Any CPU
		{1F9AE15C-EA69-4D13-855E-69C0F8B7A288}.Release|Any CPU.Build.0 = Release|Any CPU
		{98D8E573-F343-43A2-A534-944635C6D0EC}.Debug|Any CPU.ActiveCfg = Debug|Any CPU
		{98D8E573-F343-43A2-A534-944635C6D0EC}.Debug|Any CPU.Build.0 = Debug|Any CPU
		{98D8E573-F343-43A2-A534-944635C6D0EC}.Release|Any CPU.ActiveCfg = Release|Any CPU
		{98D8E573-F343-43A2-A534-944635C6D0EC}.Release|Any CPU.Build.0 = Release|Any CPU
	EndGlobalSection
	GlobalSection(SolutionProperties) = preSolution
		HideSolutionNode = FALSE
	EndGlobalSection
	GlobalSection(ExtensibilityGlobals) = postSolution
		SolutionGuid = {88029B09-C948-4263-A90D-5EEDA0E57C75}
	EndGlobalSection
EndGlobal
